{
    "_readme": [
        "This file locks the dependencies of your project to a known state",
        "Read more about it at https://getcomposer.org/doc/01-basic-usage.md#installing-dependencies",
        "This file is @generated automatically"
    ],
    "content-hash": "97a6cd2d41bf72a0c49b90810656dafd",
    "packages": [
        {
            "name": "jsebrech/fifty",
            "version": "dev-master",
            "source": {
                "type": "git",
                "url": "https://github.com/jsebrech/fifty",
                "reference": "445772241e54294a0a908235d8241cb43c6e1d48"
            },
            "require": {
                "php": ">=5.6.0"
            },
            "type": "library",
            "autoload": {
                "psr-4": {
                    "Fifty\\": "src/"
                }
            },
            "license": [
                "MIT"
            ],
            "authors": [
                {
                    "name": "Joeri Sebrechts",
                    "email": "joeri@sebrechts.net"
                }
            ],
            "description": "Fifty minute nano-framework",
            "homepage": "https://github.com/jsebrech/fifty",
            "time": "2018-04-20T20:35:54+00:00"
        }
    ],
    "packages-dev": [],
    "aliases": [],
    "minimum-stability": "stable",
    "stability-flags": {
        "jsebrech/fifty": 20
    },
    "prefer-stable": false,
    "prefer-lowest": false,
    "platform": [],
    "platform-dev": []
}
